<?xml version="1.0" encoding="utf-8"?>
<Project xmlns="http://schemas.microsoft.com/developer/msbuild/2003">
  <PropertyGroup>
    <ProjectGuid>{2bca4add-3c6d-4a10-9255-65756bc37e97}</ProjectGuid>
    <MainSource>ReportTests.dpr</MainSource>
    <Configuration Condition=" '$(Configuration)' == '' ">Debug</Configuration>
    <Platform Condition=" '$(Platform)' == '' ">AnyCPU</Platform>
    <DCC_DCCCompiler>DCC32</DCC_DCCCompiler>
    <DCC_DependencyCheckOutputName>c:\dcu\ReportTests.exe</DCC_DependencyCheckOutputName>
    <DCC_EnabledPackages>true</DCC_EnabledPackages>
    <DCC_UsePackage>vcl;rtl;vclx;vclactnband;dbrtl;vcldb;vcldbx;bdertl;dsnap;dsnapcon;teeUI;teedb;tee;adortl;vclib;ibxpress;dbxcds;dbexpress;DbxCommonDriver;IndyCore;IndySystem;IndyProtocols;xmlrtl;inet;IntrawebDB_90_100;Intraweb_90_100;VclSmp;vclie;websnap;webdsnap;inetdbbde;inetdbxpress;soaprtl;designide</DCC_UsePackage>
  </PropertyGroup>
  <PropertyGroup Condition=" '$(Configuration)|$(Platform)' == 'Release|AnyCPU' ">
    <Version>7.0</Version>
    <DCC_DebugInformation>False</DCC_DebugInformation>
    <DCC_LocalDebugSymbols>False</DCC_LocalDebugSymbols>
    <DCC_SymbolReferenceInfo>0</DCC_SymbolReferenceInfo>
    <DCC_Define>RELEASE</DCC_Define>
  </PropertyGroup>
  <PropertyGroup Condition=" '$(Configuration)|$(Platform)' == 'Debug|AnyCPU' ">
    <Version>7.0</Version>
    <DCC_Define>DEBUG</DCC_Define>
    <DCC_ExeOutput>c:\dcu</DCC_ExeOutput>
    <DCC_DcuOutput>c:\dcu</DCC_DcuOutput>
    <DCC_ObjOutput>c:\dcu</DCC_ObjOutput>
    <DCC_HppOutput>c:\dcu</DCC_HppOutput>
    <DCC_UnitSearchPath>f:\rp\lib</DCC_UnitSearchPath>
    <DCC_ResourcePath>f:\rp\lib</DCC_ResourcePath>
    <DCC_ObjPath>f:\rp\lib</DCC_ObjPath>
    <DCC_IncludePath>f:\rp\lib</DCC_IncludePath>
  </PropertyGroup>
  <ProjectExtensions>
    <Borland.Personality>Delphi.Personality</Borland.Personality>
    <Borland.ProjectType>VCLApplication</Borland.ProjectType>
    <BorlandProject>
<BorlandProject><Delphi.Personality><Parameters><Parameters Name="UseLauncher">False</Parameters><Parameters Name="LoadAllSymbols">True</Parameters><Parameters Name="LoadUnspecifiedSymbols">False</Parameters></Parameters><VersionInfo><VersionInfo Name="IncludeVerInfo">False</VersionInfo><VersionInfo Name="AutoIncBuild">False</VersionInfo><VersionInfo Name="MajorVer">1</VersionInfo><VersionInfo Name="MinorVer">0</VersionInfo><VersionInfo Name="Release">0</VersionInfo><VersionInfo Name="Build">0</VersionInfo><VersionInfo Name="Debug">False</VersionInfo><VersionInfo Name="PreRelease">False</VersionInfo><VersionInfo Name="Special">False</VersionInfo><VersionInfo Name="Private">False</VersionInfo><VersionInfo Name="DLL">False</VersionInfo><VersionInfo Name="Locale">2052</VersionInfo><VersionInfo Name="CodePage">936</VersionInfo></VersionInfo><VersionInfoKeys><VersionInfoKeys Name="CompanyName"></VersionInfoKeys><VersionInfoKeys Name="FileDescription"></VersionInfoKeys><VersionInfoKeys Name="FileVersion">1.0.0.0</VersionInfoKeys><VersionInfoKeys Name="InternalName"></VersionInfoKeys><VersionInfoKeys Name="LegalCopyright"></VersionInfoKeys><VersionInfoKeys Name="LegalTrademarks"></VersionInfoKeys><VersionInfoKeys Name="OriginalFilename"></VersionInfoKeys><VersionInfoKeys Name="ProductName"></VersionInfoKeys><VersionInfoKeys Name="ProductVersion">1.0.0.0</VersionInfoKeys><VersionInfoKeys Name="Comments"></VersionInfoKeys></VersionInfoKeys><Source><Source Name="MainSource">ReportTests.dpr</Source></Source><Excluded_Packages>
      
      
      
      
      
      
      
      
      
      
      
      
      
      
      
      
      
      
      
      
      
      
      
      
      
      
      
      
      
      
      
      
      
      
      
      
      
      
      
      
      
      
      
      
      
      
      
      
      
      
      
      
      
      
      
      
      
      
      
      
      
      
      <Excluded_Packages Name="$(BDS)\bin\dcloffice2k100.bpl">Microsoft Office 2000 Sample Automation Server Wrapper Components</Excluded_Packages>
      <Excluded_Packages Name="$(BDS)\bin\dclofficexp100.bpl">Microsoft Office XP Sample Automation Server Wrapper Components</Excluded_Packages>
    </Excluded_Packages></Delphi.Personality><ModelSupport>False</ModelSupport></BorlandProject></BorlandProject>
  </ProjectExtensions>
  <Import Project="$(MSBuildBinPath)\Borland.Delphi.Targets" />
  <ItemGroup>
    <DelphiCompile Include="ReportTests.dpr">
      <MainSource>MainSource</MainSource>
    </DelphiCompile>
    <DCCReference Include="..\cl\osservice.pas" />
    <DCCReference Include="..\cl\uHornCartesian.pas" />
    <DCCReference Include="..\dunit\src\FastMMMemLeakMonitor.pas" />
    <DCCReference Include="..\dunit\src\GUITesting.pas" />
    <DCCReference Include="..\dunit\src\GUITestRunner.pas" />
    <DCCReference Include="..\dunit\src\TestExtensions.pas" />
    <DCCReference Include="..\dunit\src\TestFramework.pas" />
    <DCCReference Include="..\dunit\src\TextTestRunner.pas" />
    <DCCReference Include="..\lib\CC.pas" />
    <DCCReference Include="..\lib\osservice.pas" />
    <DCCReference Include="..\lib\uHornCartesian.pas" />
    <DCCReference Include="..\lib\ujson.pas" />
    <DCCReference Include="..\li\CC.pas" />
    <DCCReference Include="..\li\osservice.pas" />
    <DCCReference Include="..\li\uHornCartesian.pas" />
    <DCCReference Include="..\li\ujson.pas" />
    <DCCReference Include="..\l\CC.pas" />
    <DCCReference Include="..\l\osservice.pas" />
    <DCCReference Include="..\l\uHornCartesian.pas" />
    <DCCReference Include="..\l\ujson.pas" />
    <DCCReference Include="..\osservice.pas" />
    <DCCReference Include="..\uHornCartesian.pas" />
    <DCCReference Include="..\vcl\CC.pas" />
    <DCCReference Include="..\vcl\osservice.pas" />
    <DCCReference Include="..\vcl\ReportControl.pas" />
    <DCCReference Include="..\vcl\ReportRunTime.pas" />
    <DCCReference Include="..\vcl\uHornCartesian.pas" />
    <DCCReference Include="..\vcl\ujson.pas" />
    <DCCReference Include="ReportTest.pas" />
    <DCCReference Include="RitaRestart.pas" />
    <DCCReference Include="ritaToJson.pas" />
    <DCCReference Include="ujson2rita.pas" />
    <DCCReference Include="UnitTestFramework.pas" />
    <DCCReference Include="uprintpaper.pas" />
    <DCCReference Include="ureportjson.pas" />
    <DCCReference Include="uruntime.pas" />
    <DCCReference Include="uslimjson.pas" />
    <DCCReference Include="ustringtest.pas" />
  </ItemGroup>
</Project>